
Microsoft Visual Studio Solution File, Format Version 12.00
# Visual Studio Version 17
VisualStudioVersion = 17.4.33213.308
MinimumVisualStudioVersion = 10.0.40219.1
Project("{9A19103F-16F7-4668-BE54-9A1E7A4F7556}") = "TestRS.Web", "TestRS.Web\TestRS.Web.csproj", "{EA6C8836-CE6B-49A2-AC8C-7D8AADC655D3}"
EndProject
Project("{FAE04EC0-301F-11D3-BF4B-00C04F79EFBC}") = "TestRS.Core", "TestRS.Core\TestRS.Core.csproj", "{2811847B-DFCB-45FA-A55B-20C99F8D3A98}"
EndProject
Project("{FAE04EC0-301F-11D3-BF4B-00C04F79EFBC}") = "TestRS.Infrastructure", "TestRS.Infrastructure\TestRS.Infrastructure.csproj", "{38D2654D-5EDD-466B-93B0-42AC47AF6D99}"
EndProject
Global
	GlobalSection(SolutionConfigurationPlatforms) = preSolution
		Debug|Any CPU = Debug|Any CPU
		Release|Any CPU = Release|Any CPU
	EndGlobalSection
	GlobalSection(ProjectConfigurationPlatforms) = postSolution
		{EA6C8836-CE6B-49A2-AC8C-7D8AADC655D3}.Debug|Any CPU.ActiveCfg = Debug|Any CPU
		{EA6C8836-CE6B-49A2-AC8C-7D8AADC655D3}.Debug|Any CPU.Build.0 = Debug|Any CPU
		{EA6C8836-CE6B-49A2-AC8C-7D8AADC655D3}.Release|Any CPU.ActiveCfg = Release|Any CPU
		{EA6C8836-CE6B-49A2-AC8C-7D8AADC655D3}.Release|Any CPU.Build.0 = Release|Any CPU
		{2811847B-DFCB-45FA-A55B-20C99F8D3A98}.Debug|Any CPU.ActiveCfg = Debug|Any CPU
		{2811847B-DFCB-45FA-A55B-20C99F8D3A98}.Debug|Any CPU.Build.0 = Debug|Any CPU
		{2811847B-DFCB-45FA-A55B-20C99F8D3A98}.Release|Any CPU.ActiveCfg = Release|Any CPU
		{2811847B-DFCB-45FA-A55B-20C99F8D3A98}.Release|Any CPU.Build.0 = Release|Any CPU
		{38D2654D-5EDD-466B-93B0-42AC47AF6D99}.Debug|Any CPU.ActiveCfg = Debug|Any CPU
		{38D2654D-5EDD-466B-93B0-42AC47AF6D99}.Debug|Any CPU.Build.0 = Debug|Any CPU
		{38D2654D-5EDD-466B-93B0-42AC47AF6D99}.Release|Any CPU.ActiveCfg = Release|Any CPU
		{38D2654D-5EDD-466B-93B0-42AC47AF6D99}.Release|Any CPU.Build.0 = Release|Any CPU
	EndGlobalSection
	GlobalSection(SolutionProperties) = preSolution
		HideSolutionNode = FALSE
	EndGlobalSection
	GlobalSection(ExtensibilityGlobals) = postSolution
		SolutionGuid = {515C4EED-CB93-48EC-9E5F-DCF5463EF688}
	EndGlobalSection
EndGlobal
